<?xml version="1.0" encoding="utf-8"?>
<Project ToolsVersion="4.0" xmlns="http://schemas.microsoft.com/developer/msbuild/2003">
  <ItemGroup>
    <ClInclude Include="YH_LoadScenes.h">
      <Filter>Scenes</Filter>
    </ClInclude>
    <ClInclude Include="YH_Player.h">
      <Filter>Player</Filter>
    </ClInclude>
    <ClInclude Include="YH_LobbyScene.h">
      <Filter>Scenes</Filter>
    </ClInclude>
    <ClInclude Include="YH_PlayScene.h">
      <Filter>Scenes</Filter>
    </ClInclude>
    <ClInclude Include="YH_TitleScene.h">
      <Filter>Scenes</Filter>
    </ClInclude>
    <ClInclude Include="LoadResources.h" />
    <ClInclude Include="YH_PlayerScript.h">
      <Filter>Scripts</Filter>
    </ClInclude>
    <ClInclude Include="YH_MushScript.h">
      <Filter>Scripts</Filter>
    </ClInclude>
    <ClInclude Include="YH_Mushroom.h">
      <Filter>Monster</Filter>
    </ClInclude>
    <ClInclude Include="YH_BossCygnusScene.h">
      <Filter>Scenes</Filter>
    </ClInclude>
    <ClInclude Include="YH_CygnusScript.h">
      <Filter>Scripts</Filter>
    </ClInclude>
    <ClInclude Include="YH_Cygnus.h">
      <Filter>Boss</Filter>
    </ClInclude>
    <ClInclude Include="YH_Arrow.h">
      <Filter>Player</Filter>
    </ClInclude>
    <ClInclude Include="YH_ArrowScript.h">
      <Filter>Scripts</Filter>
    </ClInclude>
    <ClInclude Include="YH_HitEffect.h">
      <Filter>Scripts</Filter>
    </ClInclude>
    <ClInclude Include="YH_ToolScene.h">
      <Filter>Scenes</Filter>
    </ClInclude>
    <ClInclude Include="YH_Tile.h">
      <Filter>Contents</Filter>
    </ClInclude>
    <ClInclude Include="YH_Ground.h">
      <Filter>Contents</Filter>
    </ClInclude>
    <ClInclude Include="YH_GroundScript.h">
      <Filter>Scripts</Filter>
    </ClInclude>
  </ItemGroup>
  <ItemGroup>
    <Filter Include="Scenes">
      <UniqueIdentifier>{001f8444-d122-4783-932b-0aac3eff36ca}</UniqueIdentifier>
    </Filter>
    <Filter Include="Player">
      <UniqueIdentifier>{560237fb-76bc-4ecd-afd7-aae40254e6a8}</UniqueIdentifier>
    </Filter>
    <Filter Include="Contents">
      <UniqueIdentifier>{059437e2-efe0-4c25-826b-f5ac2516fd1c}</UniqueIdentifier>
    </Filter>
    <Filter Include="Scripts">
      <UniqueIdentifier>{05fcfa93-bbfc-49be-b284-51998485e35e}</UniqueIdentifier>
    </Filter>
    <Filter Include="Monster">
      <UniqueIdentifier>{9cc5b5d5-0f18-4edd-98ef-d7aadb0343bb}</UniqueIdentifier>
    </Filter>
    <Filter Include="Boss">
      <UniqueIdentifier>{4f7ccefb-de85-4750-abf6-4a5f2a3b1981}</UniqueIdentifier>
    </Filter>
  </ItemGroup>
  <ItemGroup>
    <ClCompile Include="YH_Player.cpp">
      <Filter>Player</Filter>
    </ClCompile>
    <ClCompile Include="YH_LobbyScene.cpp">
      <Filter>Scenes</Filter>
    </ClCompile>
    <ClCompile Include="YH_PlayScene.cpp">
      <Filter>Scenes</Filter>
    </ClCompile>
    <ClCompile Include="YH_TitleScene.cpp">
      <Filter>Scenes</Filter>
    </ClCompile>
    <ClCompile Include="YH_PlayerScript.cpp">
      <Filter>Scripts</Filter>
    </ClCompile>
    <ClCompile Include="YH_MushScript.cpp">
      <Filter>Scripts</Filter>
    </ClCompile>
    <ClCompile Include="YH_Mushroom.cpp">
      <Filter>Monster</Filter>
    </ClCompile>
    <ClCompile Include="YH_BossCygnusScene.cpp">
      <Filter>Scenes</Filter>
    </ClCompile>
    <ClCompile Include="YH_CygnusScript.cpp">
      <Filter>Scripts</Filter>
    </ClCompile>
    <ClCompile Include="YH_Cygnus.cpp">
      <Filter>Boss</Filter>
    </ClCompile>
    <ClCompile Include="YH_Arrow.cpp">
      <Filter>Player</Filter>
    </ClCompile>
    <ClCompile Include="YH_ArrowScript.cpp">
      <Filter>Scripts</Filter>
    </ClCompile>
    <ClCompile Include="YH_HitEffect.cpp">
      <Filter>Scripts</Filter>
    </ClCompile>
    <ClCompile Include="YH_ToolScene.cpp">
      <Filter>Scenes</Filter>
    </ClCompile>
    <ClCompile Include="YH_Tile.cpp">
      <Filter>Contents</Filter>
    </ClCompile>
    <ClCompile Include="YH_Ground.cpp">
      <Filter>Contents</Filter>
    </ClCompile>
    <ClCompile Include="YH_GroundScript.cpp">
      <Filter>Scripts</Filter>
    </ClCompile>
  </ItemGroup>
</Project>