<?xml version="1.0" encoding="utf-8"?>
<Project ToolsVersion="4.0" xmlns="http://schemas.microsoft.com/developer/msbuild/2003">
  <ItemGroup>
    <ClInclude Include="YH_PlayScene.h" />
    <ClInclude Include="YH_LoadScenes.h">
      <Filter>Scenes</Filter>
    </ClInclude>
    <ClInclude Include="YH_TitleScene.h" />
    <ClInclude Include="YH_LobbyScene.h" />
  </ItemGroup>
  <ItemGroup>
    <Filter Include="Scenes">
      <UniqueIdentifier>{001f8444-d122-4783-932b-0aac3eff36ca}</UniqueIdentifier>
    </Filter>
  </ItemGroup>
  <ItemGroup>
    <ClCompile Include="YH_PlayScene.cpp" />
    <ClCompile Include="YH_TitleScene.cpp" />
    <ClCompile Include="YH_LobbyScene.cpp" />
  </ItemGroup>
</Project>