<?xml version="1.0" encoding="utf-8"?>
<Project ToolsVersion="4.0" xmlns="http://schemas.microsoft.com/developer/msbuild/2003">
  <ItemGroup>
    <ClCompile Include="$(MSBuildThisFileDirectory)YH_Component.cpp">
      <Filter>Component</Filter>
    </ClCompile>
    <ClCompile Include="$(MSBuildThisFileDirectory)YH_GameObject.cpp">
      <Filter>GameObject</Filter>
    </ClCompile>
    <ClCompile Include="$(MSBuildThisFileDirectory)YH_SceneManager.cpp">
      <Filter>Manager</Filter>
    </ClCompile>
    <ClCompile Include="$(MSBuildThisFileDirectory)YH_Scene.cpp">
      <Filter>Scene</Filter>
    </ClCompile>
    <ClCompile Include="$(MSBuildThisFileDirectory)YH_Input.cpp">
      <Filter>System</Filter>
    </ClCompile>
    <ClCompile Include="$(MSBuildThisFileDirectory)YH_Time.cpp">
      <Filter>System</Filter>
    </ClCompile>
    <ClCompile Include="$(MSBuildThisFileDirectory)YH_Entity.cpp">
      <Filter>System</Filter>
    </ClCompile>
    <ClCompile Include="$(MSBuildThisFileDirectory)YH_Application.cpp">
      <Filter>Application</Filter>
    </ClCompile>
    <ClCompile Include="$(MSBuildThisFileDirectory)YH_Rocket.cpp">
      <Filter>Etc</Filter>
    </ClCompile>
    <ClCompile Include="$(MSBuildThisFileDirectory)YH_Math.cpp">
      <Filter>Application</Filter>
    </ClCompile>
    <ClCompile Include="$(MSBuildThisFileDirectory)YH_Layer.cpp">
      <Filter>Layer</Filter>
    </ClCompile>
    <ClCompile Include="$(MSBuildThisFileDirectory)YH_Resource.cpp">
      <Filter>Resource</Filter>
    </ClCompile>
    <ClCompile Include="$(MSBuildThisFileDirectory)YH_Resources.cpp">
      <Filter>Resource</Filter>
    </ClCompile>
    <ClCompile Include="$(MSBuildThisFileDirectory)YH_Texture.cpp">
      <Filter>Resource\Texture</Filter>
    </ClCompile>
    <ClCompile Include="$(MSBuildThisFileDirectory)YH_Script.cpp">
      <Filter>Component\Script</Filter>
    </ClCompile>
    <ClCompile Include="$(MSBuildThisFileDirectory)YH_SpriteRenderer.cpp">
      <Filter>Component\SpriteRenderer</Filter>
    </ClCompile>
    <ClCompile Include="$(MSBuildThisFileDirectory)YH_Transform.cpp">
      <Filter>Component\Transform</Filter>
    </ClCompile>
    <ClCompile Include="$(MSBuildThisFileDirectory)YH_Camera.cpp">
      <Filter>Component\Camera</Filter>
    </ClCompile>
    <ClCompile Include="$(MSBuildThisFileDirectory)YH_Renderer.cpp">
      <Filter>Renderer</Filter>
    </ClCompile>
    <ClCompile Include="$(MSBuildThisFileDirectory)YH_Animation.cpp">
      <Filter>Resource</Filter>
    </ClCompile>
    <ClCompile Include="$(MSBuildThisFileDirectory)YH_Collider.cpp">
      <Filter>Component\Collider</Filter>
    </ClCompile>
    <ClCompile Include="$(MSBuildThisFileDirectory)YH_BoxCollider2D.cpp">
      <Filter>Component\Collider</Filter>
    </ClCompile>
    <ClCompile Include="$(MSBuildThisFileDirectory)YH_CircleCollider2D.cpp">
      <Filter>Component\Collider</Filter>
    </ClCompile>
    <ClCompile Include="$(MSBuildThisFileDirectory)YH_Object.cpp">
      <Filter>Application</Filter>
    </ClCompile>
    <ClCompile Include="$(MSBuildThisFileDirectory)YH_CollisionManager.cpp">
      <Filter>Manager</Filter>
    </ClCompile>
    <ClCompile Include="$(MSBuildThisFileDirectory)YH_DontDestroyOnLoad.cpp">
      <Filter>Scene</Filter>
    </ClCompile>
    <ClCompile Include="$(MSBuildThisFileDirectory)YH_TilemapRenderer.cpp">
      <Filter>Component\TileMapRenderer</Filter>
    </ClCompile>
    <ClCompile Include="$(MSBuildThisFileDirectory)YH_Rigidbody.cpp">
      <Filter>Component\Rigidbody</Filter>
    </ClCompile>
    <ClCompile Include="$(MSBuildThisFileDirectory)YH_Animator.cpp">
      <Filter>Component\Animator</Filter>
    </ClCompile>
    <ClCompile Include="$(MSBuildThisFileDirectory)YH_UIManager.cpp">
      <Filter>UI</Filter>
    </ClCompile>
    <ClCompile Include="$(MSBuildThisFileDirectory)YH_UIBase.cpp">
      <Filter>UI</Filter>
    </ClCompile>
    <ClCompile Include="$(MSBuildThisFileDirectory)YH_UIHUD.cpp">
      <Filter>UI\HUD</Filter>
    </ClCompile>
    <ClCompile Include="$(MSBuildThisFileDirectory)YH_UIButton.cpp">
      <Filter>UI\Button</Filter>
    </ClCompile>
  </ItemGroup>
  <ItemGroup>
    <ClInclude Include="$(MSBuildThisFileDirectory)YH_Component.h">
      <Filter>Component</Filter>
    </ClInclude>
    <ClInclude Include="$(MSBuildThisFileDirectory)YH_GameObject.h">
      <Filter>GameObject</Filter>
    </ClInclude>
    <ClInclude Include="$(MSBuildThisFileDirectory)YH_SceneManager.h">
      <Filter>Manager</Filter>
    </ClInclude>
    <ClInclude Include="$(MSBuildThisFileDirectory)YH_Scene.h">
      <Filter>Scene</Filter>
    </ClInclude>
    <ClInclude Include="$(MSBuildThisFileDirectory)YH_Input.h">
      <Filter>System</Filter>
    </ClInclude>
    <ClInclude Include="$(MSBuildThisFileDirectory)YH_Time.h">
      <Filter>System</Filter>
    </ClInclude>
    <ClInclude Include="$(MSBuildThisFileDirectory)YH_Entity.h">
      <Filter>System</Filter>
    </ClInclude>
    <ClInclude Include="$(MSBuildThisFileDirectory)YH_Application.h">
      <Filter>Application</Filter>
    </ClInclude>
    <ClInclude Include="$(MSBuildThisFileDirectory)CommonInclude.h">
      <Filter>Application</Filter>
    </ClInclude>
    <ClInclude Include="$(MSBuildThisFileDirectory)YH_Rocket.h">
      <Filter>Etc</Filter>
    </ClInclude>
    <ClInclude Include="$(MSBuildThisFileDirectory)YH_Math.h">
      <Filter>Application</Filter>
    </ClInclude>
    <ClInclude Include="$(MSBuildThisFileDirectory)YH_Layer.h">
      <Filter>Layer</Filter>
    </ClInclude>
    <ClInclude Include="$(MSBuildThisFileDirectory)YH_Enums.h">
      <Filter>Application</Filter>
    </ClInclude>
    <ClInclude Include="$(MSBuildThisFileDirectory)YH_Object.h">
      <Filter>Application</Filter>
    </ClInclude>
    <ClInclude Include="$(MSBuildThisFileDirectory)YH_Resource.h">
      <Filter>Resource</Filter>
    </ClInclude>
    <ClInclude Include="$(MSBuildThisFileDirectory)YH_Resources.h">
      <Filter>Resource</Filter>
    </ClInclude>
    <ClInclude Include="$(MSBuildThisFileDirectory)YH_Texture.h">
      <Filter>Resource\Texture</Filter>
    </ClInclude>
    <ClInclude Include="$(MSBuildThisFileDirectory)YH_Script.h">
      <Filter>Component\Script</Filter>
    </ClInclude>
    <ClInclude Include="$(MSBuildThisFileDirectory)YH_SpriteRenderer.h">
      <Filter>Component\SpriteRenderer</Filter>
    </ClInclude>
    <ClInclude Include="$(MSBuildThisFileDirectory)YH_Transform.h">
      <Filter>Component\Transform</Filter>
    </ClInclude>
    <ClInclude Include="$(MSBuildThisFileDirectory)YH_Camera.h">
      <Filter>Component\Camera</Filter>
    </ClInclude>
    <ClInclude Include="$(MSBuildThisFileDirectory)YH_Renderer.h">
      <Filter>Renderer</Filter>
    </ClInclude>
    <ClInclude Include="$(MSBuildThisFileDirectory)YH_Animation.h">
      <Filter>Resource</Filter>
    </ClInclude>
    <ClInclude Include="$(MSBuildThisFileDirectory)YH_Collider.h">
      <Filter>Component\Collider</Filter>
    </ClInclude>
    <ClInclude Include="$(MSBuildThisFileDirectory)YH_BoxCollider2D.h">
      <Filter>Component\Collider</Filter>
    </ClInclude>
    <ClInclude Include="$(MSBuildThisFileDirectory)YH_CircleCollider2D.h">
      <Filter>Component\Collider</Filter>
    </ClInclude>
    <ClInclude Include="$(MSBuildThisFileDirectory)YH_CollisionManager.h">
      <Filter>Manager</Filter>
    </ClInclude>
    <ClInclude Include="$(MSBuildThisFileDirectory)YH_DontDestroyOnLoad.h">
      <Filter>Scene</Filter>
    </ClInclude>
    <ClInclude Include="$(MSBuildThisFileDirectory)YH_TilemapRenderer.h">
      <Filter>Component\TileMapRenderer</Filter>
    </ClInclude>
    <ClInclude Include="$(MSBuildThisFileDirectory)YH_Rigidbody.h">
      <Filter>Component\Rigidbody</Filter>
    </ClInclude>
    <ClInclude Include="$(MSBuildThisFileDirectory)YH_Animator.h">
      <Filter>Component\Animator</Filter>
    </ClInclude>
    <ClInclude Include="$(MSBuildThisFileDirectory)YH_UIManager.h">
      <Filter>UI</Filter>
    </ClInclude>
    <ClInclude Include="$(MSBuildThisFileDirectory)YH_UIBase.h">
      <Filter>UI</Filter>
    </ClInclude>
    <ClInclude Include="$(MSBuildThisFileDirectory)YH_UIHUD.h">
      <Filter>UI\HUD</Filter>
    </ClInclude>
    <ClInclude Include="$(MSBuildThisFileDirectory)YH_UIButton.h">
      <Filter>UI\Button</Filter>
    </ClInclude>
  </ItemGroup>
  <ItemGroup>
    <Filter Include="Component">
      <UniqueIdentifier>{446537e5-b98b-4ed0-bdaa-c3b2dcf2661d}</UniqueIdentifier>
    </Filter>
    <Filter Include="GameObject">
      <UniqueIdentifier>{c3713356-9672-4a4c-b2eb-cde082d7a311}</UniqueIdentifier>
    </Filter>
    <Filter Include="Manager">
      <UniqueIdentifier>{fd15f9ac-2640-4cac-8815-6a7c7d8c0928}</UniqueIdentifier>
    </Filter>
    <Filter Include="Scene">
      <UniqueIdentifier>{b4bb24da-b1f9-43bc-8096-a1f1f41b8cb4}</UniqueIdentifier>
    </Filter>
    <Filter Include="System">
      <UniqueIdentifier>{8d1233b4-ecce-491d-8d33-a1ef2d2d0a19}</UniqueIdentifier>
    </Filter>
    <Filter Include="Application">
      <UniqueIdentifier>{dc7c153d-c13e-4687-8f86-e5d6300c8222}</UniqueIdentifier>
    </Filter>
    <Filter Include="Etc">
      <UniqueIdentifier>{913e8bdd-2ee9-470b-900c-388c35e0a16d}</UniqueIdentifier>
    </Filter>
    <Filter Include="Layer">
      <UniqueIdentifier>{b481ca18-641e-4622-9c5f-a2555a9e3c0b}</UniqueIdentifier>
    </Filter>
    <Filter Include="Resource">
      <UniqueIdentifier>{93cbbfd6-b892-4dd9-8200-443228d1a680}</UniqueIdentifier>
    </Filter>
    <Filter Include="Resource\Texture">
      <UniqueIdentifier>{174d1a90-87ad-481b-81be-2915dab5c11e}</UniqueIdentifier>
    </Filter>
    <Filter Include="Component\Script">
      <UniqueIdentifier>{611fc9da-2d5f-446a-9e8a-babf8a2f1e13}</UniqueIdentifier>
    </Filter>
    <Filter Include="Component\Transform">
      <UniqueIdentifier>{c6b10534-7b58-4c2a-a7f9-0a79a354b6c4}</UniqueIdentifier>
    </Filter>
    <Filter Include="Component\SpriteRenderer">
      <UniqueIdentifier>{cede7365-32a0-48e0-aa7f-334ff64c8263}</UniqueIdentifier>
    </Filter>
    <Filter Include="Component\Camera">
      <UniqueIdentifier>{a3299dcb-4ba8-46ff-ad57-424f97a11655}</UniqueIdentifier>
    </Filter>
    <Filter Include="Renderer">
      <UniqueIdentifier>{59a5fc84-38fe-4fa1-823d-d6c2b8c78b06}</UniqueIdentifier>
    </Filter>
    <Filter Include="Component\Collider">
      <UniqueIdentifier>{b6d6b144-8263-47eb-91ab-a2e14b37bc64}</UniqueIdentifier>
    </Filter>
    <Filter Include="Component\TileMapRenderer">
      <UniqueIdentifier>{b9fb2dec-85b9-4f15-bd2e-1711c91cb324}</UniqueIdentifier>
    </Filter>
    <Filter Include="Component\Rigidbody">
      <UniqueIdentifier>{c009b01d-f0e7-4cd1-b1b6-168281357526}</UniqueIdentifier>
    </Filter>
    <Filter Include="Component\Animator">
      <UniqueIdentifier>{2973ec3f-4c87-48be-9cd3-ee0b17c2a680}</UniqueIdentifier>
    </Filter>
    <Filter Include="UI">
      <UniqueIdentifier>{766e0650-3d94-4167-bdb9-e5aebf190f72}</UniqueIdentifier>
    </Filter>
    <Filter Include="UI\HUD">
      <UniqueIdentifier>{d8fd25a0-7ac3-4ad7-9d7f-bec054e3f6f7}</UniqueIdentifier>
    </Filter>
    <Filter Include="UI\Button">
      <UniqueIdentifier>{4ed6ea8b-27eb-4317-9532-26064335acc8}</UniqueIdentifier>
    </Filter>
  </ItemGroup>
</Project>